
Microsoft Visual Studio Solution File, Format Version 12.00
# Visual Studio Version 17
VisualStudioVersion = 17.14.36811.4 d17.14
MinimumVisualStudioVersion = 10.0.40219.1
Project("{FAE04EC0-301F-11D3-BF4B-00C04F79EFBC}") = "CsharpStudy", "CsharpStudy\CsharpStudy.csproj", "{8B3704AE-737B-4146-818E-308BFCEC7D25}"
EndProject
Global
	GlobalSection(SolutionConfigurationPlatforms) = preSolution
		Debug|Any CPU = Debug|Any CPU
		Release|Any CPU = Release|Any CPU
	EndGlobalSection
	GlobalSection(ProjectConfigurationPlatforms) = postSolution
		{8B3704AE-737B-4146-818E-308BFCEC7D25}.Debug|Any CPU.ActiveCfg = Debug|Any CPU
		{8B3704AE-737B-4146-818E-308BFCEC7D25}.Debug|Any CPU.Build.0 = Debug|Any CPU
		{8B3704AE-737B-4146-818E-308BFCEC7D25}.Release|Any CPU.ActiveCfg = Release|Any CPU
		{8B3704AE-737B-4146-818E-308BFCEC7D25}.Release|Any CPU.Build.0 = Release|Any CPU
	EndGlobalSection
	GlobalSection(SolutionProperties) = preSolution
		HideSolutionNode = FALSE
	EndGlobalSection
	GlobalSection(ExtensibilityGlobals) = postSolution
		SolutionGuid = {2D458257-79E7-461B-ABF2-AACE7B3F9262}
	EndGlobalSection
EndGlobal
